
Microsoft Visual Studio Solution File, Format Version 12.00
# Visual Studio 14
VisualStudioVersion = 14.0.24720.0
MinimumVisualStudioVersion = 10.0.40219.1
Project("{FAE04EC0-301F-11D3-BF4B-00C04F79EFBC}") = "ComponentBasedTestTool", "ComponentBasedTestTool\ComponentBasedTestTool.csproj", "{4D0C948F-D021-4BB3-8A00-64494AA85D39}"
EndProject
Project("{FAE04EC0-301F-11D3-BF4B-00C04F79EFBC}") = "ExtensionPoints", "ExtensionPoints\ExtensionPoints.csproj", "{FED701D5-6B0E-4997-AF97-B84D00CA222C}"
EndProject
Project("{FAE04EC0-301F-11D3-BF4B-00C04F79EFBC}") = "Components", "Components\Components.csproj", "{900B3434-FA01-4CF2-B78E-CFA8944989D1}"
EndProject
Project("{FAE04EC0-301F-11D3-BF4B-00C04F79EFBC}") = "ComponentBasedTestTool.ViewModels", "ViewModels\ComponentBasedTestTool.ViewModels.csproj", "{622F36F8-6CB1-466E-ABF1-4705FC3AFE9F}"
EndProject
Project("{FAE04EC0-301F-11D3-BF4B-00C04F79EFBC}") = "ComponentBasedTestTool.Domain", "ComponentBasedTestTool.Domain\ComponentBasedTestTool.Domain.csproj", "{6083D4FF-E00C-4B2D-B090-63183A46D371}"
EndProject
Project("{FAE04EC0-301F-11D3-BF4B-00C04F79EFBC}") = "ComponentBasedTestTool.ViewModels.Ports", "ComponentBasedTestTool.ViewModels.Ports\ComponentBasedTestTool.ViewModels.Ports.csproj", "{EF47F4E3-07B5-44A8-9D69-2D83013716B7}"
EndProject
Project("{FAE04EC0-301F-11D3-BF4B-00C04F79EFBC}") = "ComponentBasedTestTool.Views.Ports", "ComponentBasedTestTool.Views.Ports\ComponentBasedTestTool.Views.Ports.csproj", "{A3D624EA-BC40-4B42-BC65-0D4BDE154901}"
EndProject
Project("{FAE04EC0-301F-11D3-BF4B-00C04F79EFBC}") = "ComponentBasedTestTool.Views", "ComponentBasedTestTool.Views\ComponentBasedTestTool.Views.csproj", "{6B163F9D-4EC0-4F1C-9BB1-D028645E196B}"
EndProject
Project("{FAE04EC0-301F-11D3-BF4B-00C04F79EFBC}") = "ComponentSpecification", "ComponentSpecification\ComponentSpecification.csproj", "{166B7720-BD43-4F56-A486-3939CF723BF6}"
EndProject
Global
	GlobalSection(SolutionConfigurationPlatforms) = preSolution
		Debug|Any CPU = Debug|Any CPU
		Release|Any CPU = Release|Any CPU
	EndGlobalSection
	GlobalSection(ProjectConfigurationPlatforms) = postSolution
		{4D0C948F-D021-4BB3-8A00-64494AA85D39}.Debug|Any CPU.ActiveCfg = Debug|Any CPU
		{4D0C948F-D021-4BB3-8A00-64494AA85D39}.Debug|Any CPU.Build.0 = Debug|Any CPU
		{4D0C948F-D021-4BB3-8A00-64494AA85D39}.Release|Any CPU.ActiveCfg = Release|Any CPU
		{4D0C948F-D021-4BB3-8A00-64494AA85D39}.Release|Any CPU.Build.0 = Release|Any CPU
		{FED701D5-6B0E-4997-AF97-B84D00CA222C}.Debug|Any CPU.ActiveCfg = Debug|Any CPU
		{FED701D5-6B0E-4997-AF97-B84D00CA222C}.Debug|Any CPU.Build.0 = Debug|Any CPU
		{FED701D5-6B0E-4997-AF97-B84D00CA222C}.Release|Any CPU.ActiveCfg = Release|Any CPU
		{FED701D5-6B0E-4997-AF97-B84D00CA222C}.Release|Any CPU.Build.0 = Release|Any CPU
		{900B3434-FA01-4CF2-B78E-CFA8944989D1}.Debug|Any CPU.ActiveCfg = Debug|Any CPU
		{900B3434-FA01-4CF2-B78E-CFA8944989D1}.Debug|Any CPU.Build.0 = Debug|Any CPU
		{900B3434-FA01-4CF2-B78E-CFA8944989D1}.Release|Any CPU.ActiveCfg = Release|Any CPU
		{900B3434-FA01-4CF2-B78E-CFA8944989D1}.Release|Any CPU.Build.0 = Release|Any CPU
		{622F36F8-6CB1-466E-ABF1-4705FC3AFE9F}.Debug|Any CPU.ActiveCfg = Debug|Any CPU
		{622F36F8-6CB1-466E-ABF1-4705FC3AFE9F}.Debug|Any CPU.Build.0 = Debug|Any CPU
		{622F36F8-6CB1-466E-ABF1-4705FC3AFE9F}.Release|Any CPU.ActiveCfg = Release|Any CPU
		{622F36F8-6CB1-466E-ABF1-4705FC3AFE9F}.Release|Any CPU.Build.0 = Release|Any CPU
		{6083D4FF-E00C-4B2D-B090-63183A46D371}.Debug|Any CPU.ActiveCfg = Debug|Any CPU
		{6083D4FF-E00C-4B2D-B090-63183A46D371}.Debug|Any CPU.Build.0 = Debug|Any CPU
		{6083D4FF-E00C-4B2D-B090-63183A46D371}.Release|Any CPU.ActiveCfg = Release|Any CPU
		{6083D4FF-E00C-4B2D-B090-63183A46D371}.Release|Any CPU.Build.0 = Release|Any CPU
		{EF47F4E3-07B5-44A8-9D69-2D83013716B7}.Debug|Any CPU.ActiveCfg = Debug|Any CPU
		{EF47F4E3-07B5-44A8-9D69-2D83013716B7}.Debug|Any CPU.Build.0 = Debug|Any CPU
		{EF47F4E3-07B5-44A8-9D69-2D83013716B7}.Release|Any CPU.ActiveCfg = Release|Any CPU
		{EF47F4E3-07B5-44A8-9D69-2D83013716B7}.Release|Any CPU.Build.0 = Release|Any CPU
		{A3D624EA-BC40-4B42-BC65-0D4BDE154901}.Debug|Any CPU.ActiveCfg = Debug|Any CPU
		{A3D624EA-BC40-4B42-BC65-0D4BDE154901}.Debug|Any CPU.Build.0 = Debug|Any CPU
		{A3D624EA-BC40-4B42-BC65-0D4BDE154901}.Release|Any CPU.ActiveCfg = Release|Any CPU
		{A3D624EA-BC40-4B42-BC65-0D4BDE154901}.Release|Any CPU.Build.0 = Release|Any CPU
		{6B163F9D-4EC0-4F1C-9BB1-D028645E196B}.Debug|Any CPU.ActiveCfg = Debug|Any CPU
		{6B163F9D-4EC0-4F1C-9BB1-D028645E196B}.Debug|Any CPU.Build.0 = Debug|Any CPU
		{6B163F9D-4EC0-4F1C-9BB1-D028645E196B}.Release|Any CPU.ActiveCfg = Release|Any CPU
		{6B163F9D-4EC0-4F1C-9BB1-D028645E196B}.Release|Any CPU.Build.0 = Release|Any CPU
		{166B7720-BD43-4F56-A486-3939CF723BF6}.Debug|Any CPU.ActiveCfg = Debug|Any CPU
		{166B7720-BD43-4F56-A486-3939CF723BF6}.Debug|Any CPU.Build.0 = Debug|Any CPU
		{166B7720-BD43-4F56-A486-3939CF723BF6}.Release|Any CPU.ActiveCfg = Release|Any CPU
		{166B7720-BD43-4F56-A486-3939CF723BF6}.Release|Any CPU.Build.0 = Release|Any CPU
	EndGlobalSection
	GlobalSection(SolutionProperties) = preSolution
		HideSolutionNode = FALSE
	EndGlobalSection
EndGlobal
